
Microsoft Visual Studio Solution File, Format Version 12.00
# Visual Studio Version 17
VisualStudioVersion = 17.1.32210.238
MinimumVisualStudioVersion = 10.0.40219.1
Project("{9A19103F-16F7-4668-BE54-9A1E7A4F7556}") = "circustrein", "circustrein\circustrein.csproj", "{311AF3CA-9C1C-4F39-AE5E-D2FEC49B2A7C}"
EndProject
Project("{FAE04EC0-301F-11D3-BF4B-00C04F79EFBC}") = "NUnitTestProject1", "NUnitTestProject1\NUnitTestProject1.csproj", "{A3763C64-4B05-415D-A786-121993292741}"
EndProject
Global
	GlobalSection(SolutionConfigurationPlatforms) = preSolution
		Debug|Any CPU = Debug|Any CPU
		Release|Any CPU = Release|Any CPU
	EndGlobalSection
	GlobalSection(ProjectConfigurationPlatforms) = postSolution
		{311AF3CA-9C1C-4F39-AE5E-D2FEC49B2A7C}.Debug|Any CPU.ActiveCfg = Debug|Any CPU
		{311AF3CA-9C1C-4F39-AE5E-D2FEC49B2A7C}.Debug|Any CPU.Build.0 = Debug|Any CPU
		{311AF3CA-9C1C-4F39-AE5E-D2FEC49B2A7C}.Release|Any CPU.ActiveCfg = Release|Any CPU
		{311AF3CA-9C1C-4F39-AE5E-D2FEC49B2A7C}.Release|Any CPU.Build.0 = Release|Any CPU
		{A3763C64-4B05-415D-A786-121993292741}.Debug|Any CPU.ActiveCfg = Debug|Any CPU
		{A3763C64-4B05-415D-A786-121993292741}.Debug|Any CPU.Build.0 = Debug|Any CPU
		{A3763C64-4B05-415D-A786-121993292741}.Release|Any CPU.ActiveCfg = Release|Any CPU
		{A3763C64-4B05-415D-A786-121993292741}.Release|Any CPU.Build.0 = Release|Any CPU
	EndGlobalSection
	GlobalSection(SolutionProperties) = preSolution
		HideSolutionNode = FALSE
	EndGlobalSection
	GlobalSection(ExtensibilityGlobals) = postSolution
		SolutionGuid = {C48C4E10-92BA-4412-B811-AA35E9B52954}
	EndGlobalSection
EndGlobal
